// !$*UTF8*$!
{
	archiveVersion = 1;
	classes = {
	};
	objectVersion = 56;
	objects = {

/* Begin PBXBuildFile section */
		3C8848872C3E411D00B5BE50 /* AlbertosApp.swift in Sources */ = {isa = PBXBuildFile; fileRef = 3C8848862C3E411D00B5BE50 /* AlbertosApp.swift */; };
		3C8848892C3E411D00B5BE50 /* MenuList.swift in Sources */ = {isa = PBXBuildFile; fileRef = 3C8848882C3E411D00B5BE50 /* MenuList.swift */; };
		3C88488B2C3E412200B5BE50 /* Assets.xcassets in Resources */ = {isa = PBXBuildFile; fileRef = 3C88488A2C3E412200B5BE50 /* Assets.xcassets */; };
		3C88488E2C3E412200B5BE50 /* Preview Assets.xcassets in Resources */ = {isa = PBXBuildFile; fileRef = 3C88488D2C3E412200B5BE50 /* Preview Assets.xcassets */; };
		3C8848982C3E412200B5BE50 /* MenuGroupingTests.swift in Sources */ = {isa = PBXBuildFile; fileRef = 3C8848972C3E412200B5BE50 /* MenuGroupingTests.swift */; };
		3C8848A22C3E412200B5BE50 /* AlbertosUITests.swift in Sources */ = {isa = PBXBuildFile; fileRef = 3C8848A12C3E412200B5BE50 /* AlbertosUITests.swift */; };
		3C8848A42C3E412200B5BE50 /* AlbertosUITestsLaunchTests.swift in Sources */ = {isa = PBXBuildFile; fileRef = 3C8848A32C3E412200B5BE50 /* AlbertosUITestsLaunchTests.swift */; };
		3C8848B12C3E42FE00B5BE50 /* MenuItem.swift in Sources */ = {isa = PBXBuildFile; fileRef = 3C8848B02C3E42FE00B5BE50 /* MenuItem.swift */; };
		3C8848B32C3E430B00B5BE50 /* MenuSection.swift in Sources */ = {isa = PBXBuildFile; fileRef = 3C8848B22C3E430B00B5BE50 /* MenuSection.swift */; };
/* End PBXBuildFile section */

/* Begin PBXContainerItemProxy section */
		3C8848942C3E412200B5BE50 /* PBXContainerItemProxy */ = {
			isa = PBXContainerItemProxy;
			containerPortal = 3C88487B2C3E411D00B5BE50 /* Project object */;
			proxyType = 1;
			remoteGlobalIDString = 3C8848822C3E411D00B5BE50;
			remoteInfo = Albertos;
		};
		3C88489E2C3E412200B5BE50 /* PBXContainerItemProxy */ = {
			isa = PBXContainerItemProxy;
			containerPortal = 3C88487B2C3E411D00B5BE50 /* Project object */;
			proxyType = 1;
			remoteGlobalIDString = 3C8848822C3E411D00B5BE50;
			remoteInfo = Albertos;
		};
/* End PBXContainerItemProxy section */

/* Begin PBXFileReference section */
		3C8848832C3E411D00B5BE50 /* Albertos.app */ = {isa = PBXFileReference; explicitFileType = wrapper.application; includeInIndex = 0; path = Albertos.app; sourceTree = BUILT_PRODUCTS_DIR; };
		3C8848862C3E411D00B5BE50 /* AlbertosApp.swift */ = {isa = PBXFileReference; lastKnownFileType = sourcecode.swift; path = AlbertosApp.swift; sourceTree = "<group>"; };
		3C8848882C3E411D00B5BE50 /* MenuList.swift */ = {isa = PBXFileReference; lastKnownFileType = sourcecode.swift; path = MenuList.swift; sourceTree = "<group>"; };
		3C88488A2C3E412200B5BE50 /* Assets.xcassets */ = {isa = PBXFileReference; lastKnownFileType = folder.assetcatalog; path = Assets.xcassets; sourceTree = "<group>"; };
		3C88488D2C3E412200B5BE50 /* Preview Assets.xcassets */ = {isa = PBXFileReference; lastKnownFileType = folder.assetcatalog; path = "Preview Assets.xcassets"; sourceTree = "<group>"; };
		3C8848932C3E412200B5BE50 /* AlbertosTests.xctest */ = {isa = PBXFileReference; explicitFileType = wrapper.cfbundle; includeInIndex = 0; path = AlbertosTests.xctest; sourceTree = BUILT_PRODUCTS_DIR; };
		3C8848972C3E412200B5BE50 /* MenuGroupingTests.swift */ = {isa = PBXFileReference; lastKnownFileType = sourcecode.swift; path = MenuGroupingTests.swift; sourceTree = "<group>"; };
		3C88489D2C3E412200B5BE50 /* AlbertosUITests.xctest */ = {isa = PBXFileReference; explicitFileType = wrapper.cfbundle; includeInIndex = 0; path = AlbertosUITests.xctest; sourceTree = BUILT_PRODUCTS_DIR; };
		3C8848A12C3E412200B5BE50 /* AlbertosUITests.swift */ = {isa = PBXFileReference; lastKnownFileType = sourcecode.swift; path = AlbertosUITests.swift; sourceTree = "<group>"; };
		3C8848A32C3E412200B5BE50 /* AlbertosUITestsLaunchTests.swift */ = {isa = PBXFileReference; lastKnownFileType = sourcecode.swift; path = AlbertosUITestsLaunchTests.swift; sourceTree = "<group>"; };
		3C8848B02C3E42FE00B5BE50 /* MenuItem.swift */ = {isa = PBXFileReference; lastKnownFileType = sourcecode.swift; path = MenuItem.swift; sourceTree = "<group>"; };
		3C8848B22C3E430B00B5BE50 /* MenuSection.swift */ = {isa = PBXFileReference; lastKnownFileType = sourcecode.swift; path = MenuSection.swift; sourceTree = "<group>"; };
/* End PBXFileReference section */

/* Begin PBXFrameworksBuildPhase section */
		3C8848802C3E411D00B5BE50 /* Frameworks */ = {
			isa = PBXFrameworksBuildPhase;
			buildActionMask = 2147483647;
			files = (
			);
			runOnlyForDeploymentPostprocessing = 0;
		};
		3C8848902C3E412200B5BE50 /* Frameworks */ = {
			isa = PBXFrameworksBuildPhase;
			buildActionMask = 2147483647;
			files = (
			);
			runOnlyForDeploymentPostprocessing = 0;
		};
		3C88489A2C3E412200B5BE50 /* Frameworks */ = {
			isa = PBXFrameworksBuildPhase;
			buildActionMask = 2147483647;
			files = (
			);
			runOnlyForDeploymentPostprocessing = 0;
		};
/* End PBXFrameworksBuildPhase section */

/* Begin PBXGroup section */
		3C88487A2C3E411D00B5BE50 = {
			isa = PBXGroup;
			children = (
				3C8848852C3E411D00B5BE50 /* Albertos */,
				3C8848962C3E412200B5BE50 /* AlbertosTests */,
				3C8848A02C3E412200B5BE50 /* AlbertosUITests */,
				3C8848842C3E411D00B5BE50 /* Products */,
			);
			sourceTree = "<group>";
		};
		3C8848842C3E411D00B5BE50 /* Products */ = {
			isa = PBXGroup;
			children = (
				3C8848832C3E411D00B5BE50 /* Albertos.app */,
				3C8848932C3E412200B5BE50 /* AlbertosTests.xctest */,
				3C88489D2C3E412200B5BE50 /* AlbertosUITests.xctest */,
			);
			name = Products;
			sourceTree = "<group>";
		};
		3C8848852C3E411D00B5BE50 /* Albertos */ = {
			isa = PBXGroup;
			children = (
				3C8848862C3E411D00B5BE50 /* AlbertosApp.swift */,
				3C8848882C3E411D00B5BE50 /* MenuList.swift */,
				3C88488A2C3E412200B5BE50 /* Assets.xcassets */,
				3C8848B02C3E42FE00B5BE50 /* MenuItem.swift */,
				3C8848B22C3E430B00B5BE50 /* MenuSection.swift */,
				3C88488C2C3E412200B5BE50 /* Preview Content */,
			);
			path = Albertos;
			sourceTree = "<group>";
		};
		3C88488C2C3E412200B5BE50 /* Preview Content */ = {
			isa = PBXGroup;
			children = (
				3C88488D2C3E412200B5BE50 /* Preview Assets.xcassets */,
			);
			path = "Preview Content";
			sourceTree = "<group>";
		};
		3C8848962C3E412200B5BE50 /* AlbertosTests */ = {
			isa = PBXGroup;
			children = (
				3C8848972C3E412200B5BE50 /* MenuGroupingTests.swift */,
			);
			path = AlbertosTests;
			sourceTree = "<group>";
		};
		3C8848A02C3E412200B5BE50 /* AlbertosUITests */ = {
			isa = PBXGroup;
			children = (
				3C8848A12C3E412200B5BE50 /* AlbertosUITests.swift */,
				3C8848A32C3E412200B5BE50 /* AlbertosUITestsLaunchTests.swift */,
			);
			path = AlbertosUITests;
			sourceTree = "<group>";
		};
/* End PBXGroup section */

/* Begin PBXNativeTarget section */
		3C8848822C3E411D00B5BE50 /* Albertos */ = {
			isa = PBXNativeTarget;
			buildConfigurationList = 3C8848A72C3E412200B5BE50 /* Build configuration list for PBXNativeTarget "Albertos" */;
			buildPhases = (
				3C88487F2C3E411D00B5BE50 /* Sources */,
				3C8848802C3E411D00B5BE50 /* Frameworks */,
				3C8848812C3E411D00B5BE50 /* Resources */,
			);
			buildRules = (
			);
			dependencies = (
			);
			name = Albertos;
			productName = Albertos;
			productReference = 3C8848832C3E411D00B5BE50 /* Albertos.app */;
			productType = "com.apple.product-type.application";
		};
		3C8848922C3E412200B5BE50 /* AlbertosTests */ = {
			isa = PBXNativeTarget;
			buildConfigurationList = 3C8848AA2C3E412200B5BE50 /* Build configuration list for PBXNativeTarget "AlbertosTests" */;
			buildPhases = (
				3C88488F2C3E412200B5BE50 /* Sources */,
				3C8848902C3E412200B5BE50 /* Frameworks */,
				3C8848912C3E412200B5BE50 /* Resources */,
			);
			buildRules = (
			);
			dependencies = (
				3C8848952C3E412200B5BE50 /* PBXTargetDependency */,
			);
			name = AlbertosTests;
			productName = AlbertosTests;
			productReference = 3C8848932C3E412200B5BE50 /* AlbertosTests.xctest */;
			productType = "com.apple.product-type.bundle.unit-test";
		};
		3C88489C2C3E412200B5BE50 /* AlbertosUITests */ = {
			isa = PBXNativeTarget;
			buildConfigurationList = 3C8848AD2C3E412200B5BE50 /* Build configuration list for PBXNativeTarget "AlbertosUITests" */;
			buildPhases = (
				3C8848992C3E412200B5BE50 /* Sources */,
				3C88489A2C3E412200B5BE50 /* Frameworks */,
				3C88489B2C3E412200B5BE50 /* Resources */,
			);
			buildRules = (
			);
			dependencies = (
				3C88489F2C3E412200B5BE50 /* PBXTargetDependency */,
			);
			name = AlbertosUITests;
			productName = AlbertosUITests;
			productReference = 3C88489D2C3E412200B5BE50 /* AlbertosUITests.xctest */;
			productType = "com.apple.product-type.bundle.ui-testing";
		};
/* End PBXNativeTarget section */

/* Begin PBXProject section */
		3C88487B2C3E411D00B5BE50 /* Project object */ = {
			isa = PBXProject;
			attributes = {
				BuildIndependentTargetsInParallel = 1;
				LastSwiftUpdateCheck = 1540;
				LastUpgradeCheck = 1540;
				TargetAttributes = {
					3C8848822C3E411D00B5BE50 = {
						CreatedOnToolsVersion = 15.4;
					};
					3C8848922C3E412200B5BE50 = {
						CreatedOnToolsVersion = 15.4;
						TestTargetID = 3C8848822C3E411D00B5BE50;
					};
					3C88489C2C3E412200B5BE50 = {
						CreatedOnToolsVersion = 15.4;
						TestTargetID = 3C8848822C3E411D00B5BE50;
					};
				};
			};
			buildConfigurationList = 3C88487E2C3E411D00B5BE50 /* Build configuration list for PBXProject "Albertos" */;
			compatibilityVersion = "Xcode 14.0";
			developmentRegion = en;
			hasScannedForEncodings = 0;
			knownRegions = (
				en,
				Base,
			);
			mainGroup = 3C88487A2C3E411D00B5BE50;
			productRefGroup = 3C8848842C3E411D00B5BE50 /* Products */;
			projectDirPath = "";
			projectRoot = "";
			targets = (
				3C8848822C3E411D00B5BE50 /* Albertos */,
				3C8848922C3E412200B5BE50 /* AlbertosTests */,
				3C88489C2C3E412200B5BE50 /* AlbertosUITests */,
			);
		};
/* End PBXProject section */

/* Begin PBXResourcesBuildPhase section */
		3C8848812C3E411D00B5BE50 /* Resources */ = {
			isa = PBXResourcesBuildPhase;
			buildActionMask = 2147483647;
			files = (
				3C88488E2C3E412200B5BE50 /* Preview Assets.xcassets in Resources */,
				3C88488B2C3E412200B5BE50 /* Assets.xcassets in Resources */,
			);
			runOnlyForDeploymentPostprocessing = 0;
		};
		3C8848912C3E412200B5BE50 /* Resources */ = {
			isa = PBXResourcesBuildPhase;
			buildActionMask = 2147483647;
			files = (
			);
			runOnlyForDeploymentPostprocessing = 0;
		};
		3C88489B2C3E412200B5BE50 /* Resources */ = {
			isa = PBXResourcesBuildPhase;
			buildActionMask = 2147483647;
			files = (
			);
			runOnlyForDeploymentPostprocessing = 0;
		};
/* End PBXResourcesBuildPhase section */

/* Begin PBXSourcesBuildPhase section */
		3C88487F2C3E411D00B5BE50 /* Sources */ = {
			isa = PBXSourcesBuildPhase;
			buildActionMask = 2147483647;
			files = (
				3C8848B12C3E42FE00B5BE50 /* MenuItem.swift in Sources */,
				3C8848892C3E411D00B5BE50 /* MenuList.swift in Sources */,
				3C8848B32C3E430B00B5BE50 /* MenuSection.swift in Sources */,
				3C8848872C3E411D00B5BE50 /* AlbertosApp.swift in Sources */,
			);
			runOnlyForDeploymentPostprocessing = 0;
		};
		3C88488F2C3E412200B5BE50 /* Sources */ = {
			isa = PBXSourcesBuildPhase;
			buildActionMask = 2147483647;
			files = (
				3C8848982C3E412200B5BE50 /* MenuGroupingTests.swift in Sources */,
			);
			runOnlyForDeploymentPostprocessing = 0;
		};
		3C8848992C3E412200B5BE50 /* Sources */ = {
			isa = PBXSourcesBuildPhase;
			buildActionMask = 2147483647;
			files = (
				3C8848A42C3E412200B5BE50 /* AlbertosUITestsLaunchTests.swift in Sources */,
				3C8848A22C3E412200B5BE50 /* AlbertosUITests.swift in Sources */,
			);
			runOnlyForDeploymentPostprocessing = 0;
		};
/* End PBXSourcesBuildPhase section */

/* Begin PBXTargetDependency section */
		3C8848952C3E412200B5BE50 /* PBXTargetDependency */ = {
			isa = PBXTargetDependency;
			target = 3C8848822C3E411D00B5BE50 /* Albertos */;
			targetProxy = 3C8848942C3E412200B5BE50 /* PBXContainerItemProxy */;
		};
		3C88489F2C3E412200B5BE50 /* PBXTargetDependency */ = {
			isa = PBXTargetDependency;
			target = 3C8848822C3E411D00B5BE50 /* Albertos */;
			targetProxy = 3C88489E2C3E412200B5BE50 /* PBXContainerItemProxy */;
		};
/* End PBXTargetDependency section */

/* Begin XCBuildConfiguration section */
		3C8848A52C3E412200B5BE50 /* Debug */ = {
			isa = XCBuildConfiguration;
			buildSettings = {
				ALWAYS_SEARCH_USER_PATHS = NO;
				ASSETCATALOG_COMPILER_GENERATE_SWIFT_ASSET_SYMBOL_EXTENSIONS = YES;
				CLANG_ANALYZER_NONNULL = YES;
				CLANG_ANALYZER_NUMBER_OBJECT_CONVERSION = YES_AGGRESSIVE;
				CLANG_CXX_LANGUAGE_STANDARD = "gnu++20";
				CLANG_ENABLE_MODULES = YES;
				CLANG_ENABLE_OBJC_ARC = YES;
				CLANG_ENABLE_OBJC_WEAK = YES;
				CLANG_WARN_BLOCK_CAPTURE_AUTORELEASING = YES;
				CLANG_WARN_BOOL_CONVERSION = YES;
				CLANG_WARN_COMMA = YES;
				CLANG_WARN_CONSTANT_CONVERSION = YES;
				CLANG_WARN_DEPRECATED_OBJC_IMPLEMENTATIONS = YES;
				CLANG_WARN_DIRECT_OBJC_ISA_USAGE = YES_ERROR;
				CLANG_WARN_DOCUMENTATION_COMMENTS = YES;
				CLANG_WARN_EMPTY_BODY = YES;
				CLANG_WARN_ENUM_CONVERSION = YES;
				CLANG_WARN_INFINITE_RECURSION = YES;
				CLANG_WARN_INT_CONVERSION = YES;
				CLANG_WARN_NON_LITERAL_NULL_CONVERSION = YES;
				CLANG_WARN_OBJC_IMPLICIT_RETAIN_SELF = YES;
				CLANG_WARN_OBJC_LITERAL_CONVERSION = YES;
				CLANG_WARN_OBJC_ROOT_CLASS = YES_ERROR;
				CLANG_WARN_QUOTED_INCLUDE_IN_FRAMEWORK_HEADER = YES;
				CLANG_WARN_RANGE_LOOP_ANALYSIS = YES;
				CLANG_WARN_STRICT_PROTOTYPES = YES;
				CLANG_WARN_SUSPICIOUS_MOVE = YES;
				CLANG_WARN_UNGUARDED_AVAILABILITY = YES_AGGRESSIVE;
				CLANG_WARN_UNREACHABLE_CODE = YES;
				CLANG_WARN__DUPLICATE_METHOD_MATCH = YES;
				COPY_PHASE_STRIP = NO;
				DEBUG_INFORMATION_FORMAT = dwarf;
				ENABLE_STRICT_OBJC_MSGSEND = YES;
				ENABLE_TESTABILITY = YES;
				ENABLE_USER_SCRIPT_SANDBOXING = YES;
				GCC_C_LANGUAGE_STANDARD = gnu17;
				GCC_DYNAMIC_NO_PIC = NO;
				GCC_NO_COMMON_BLOCKS = YES;
				GCC_OPTIMIZATION_LEVEL = 0;
				GCC_PREPROCESSOR_DEFINITIONS = (
					"DEBUG=1",
					"$(inherited)",
				);
				GCC_WARN_64_TO_32_BIT_CONVERSION = YES;
				GCC_WARN_ABOUT_RETURN_TYPE = YES_ERROR;
				GCC_WARN_UNDECLARED_SELECTOR = YES;
				GCC_WARN_UNINITIALIZED_AUTOS = YES_AGGRESSIVE;
				GCC_WARN_UNUSED_FUNCTION = YES;
				GCC_WARN_UNUSED_VARIABLE = YES;
				IPHONEOS_DEPLOYMENT_TARGET = 17.5;
				LOCALIZATION_PREFERS_STRING_CATALOGS = YES;
				MTL_ENABLE_DEBUG_INFO = INCLUDE_SOURCE;
				MTL_FAST_MATH = YES;
				ONLY_ACTIVE_ARCH = YES;
				SDKROOT = iphoneos;
				SWIFT_ACTIVE_COMPILATION_CONDITIONS = "DEBUG $(inherited)";
				SWIFT_OPTIMIZATION_LEVEL = "-Onone";
			};
			name = Debug;
		};
		3C8848A62C3E412200B5BE50 /* Release */ = {
			isa = XCBuildConfiguration;
			buildSettings = {
				ALWAYS_SEARCH_USER_PATHS = NO;
				ASSETCATALOG_COMPILER_GENERATE_SWIFT_ASSET_SYMBOL_EXTENSIONS = YES;
				CLANG_ANALYZER_NONNULL = YES;
				CLANG_ANALYZER_NUMBER_OBJECT_CONVERSION = YES_AGGRESSIVE;
				CLANG_CXX_LANGUAGE_STANDARD = "gnu++20";
				CLANG_ENABLE_MODULES = YES;
				CLANG_ENABLE_OBJC_ARC = YES;
				CLANG_ENABLE_OBJC_WEAK = YES;
				CLANG_WARN_BLOCK_CAPTURE_AUTORELEASING = YES;
				CLANG_WARN_BOOL_CONVERSION = YES;
				CLANG_WARN_COMMA = YES;
				CLANG_WARN_CONSTANT_CONVERSION = YES;
				CLANG_WARN_DEPRECATED_OBJC_IMPLEMENTATIONS = YES;
				CLANG_WARN_DIRECT_OBJC_ISA_USAGE = YES_ERROR;
				CLANG_WARN_DOCUMENTATION_COMMENTS = YES;
				CLANG_WARN_EMPTY_BODY = YES;
				CLANG_WARN_ENUM_CONVERSION = YES;
				CLANG_WARN_INFINITE_RECURSION = YES;
				CLANG_WARN_INT_CONVERSION = YES;
				CLANG_WARN_NON_LITERAL_NULL_CONVERSION = YES;
				CLANG_WARN_OBJC_IMPLICIT_RETAIN_SELF = YES;
				CLANG_WARN_OBJC_LITERAL_CONVERSION = YES;
				CLANG_WARN_OBJC_ROOT_CLASS = YES_ERROR;
				CLANG_WARN_QUOTED_INCLUDE_IN_FRAMEWORK_HEADER = YES;
				CLANG_WARN_RANGE_LOOP_ANALYSIS = YES;
				CLANG_WARN_STRICT_PROTOTYPES = YES;
				CLANG_WARN_SUSPICIOUS_MOVE = YES;
				CLANG_WARN_UNGUARDED_AVAILABILITY = YES_AGGRESSIVE;
				CLANG_WARN_UNREACHABLE_CODE = YES;
				CLANG_WARN__DUPLICATE_METHOD_MATCH = YES;
				COPY_PHASE_STRIP = NO;
				DEBUG_INFORMATION_FORMAT = "dwarf-with-dsym";
				ENABLE_NS_ASSERTIONS = NO;
				ENABLE_STRICT_OBJC_MSGSEND = YES;
				ENABLE_USER_SCRIPT_SANDBOXING = YES;
				GCC_C_LANGUAGE_STANDARD = gnu17;
				GCC_NO_COMMON_BLOCKS = YES;
				GCC_WARN_64_TO_32_BIT_CONVERSION = YES;
				GCC_WARN_ABOUT_RETURN_TYPE = YES_ERROR;
				GCC_WARN_UNDECLARED_SELECTOR = YES;
				GCC_WARN_UNINITIALIZED_AUTOS = YES_AGGRESSIVE;
				GCC_WARN_UNUSED_FUNCTION = YES;
				GCC_WARN_UNUSED_VARIABLE = YES;
				IPHONEOS_DEPLOYMENT_TARGET = 17.5;
				LOCALIZATION_PREFERS_STRING_CATALOGS = YES;
				MTL_ENABLE_DEBUG_INFO = NO;
				MTL_FAST_MATH = YES;
				SDKROOT = iphoneos;
				SWIFT_COMPILATION_MODE = wholemodule;
				VALIDATE_PRODUCT = YES;
			};
			name = Release;
		};
		3C8848A82C3E412200B5BE50 /* Debug */ = {
			isa = XCBuildConfiguration;
			buildSettings = {
				ASSETCATALOG_COMPILER_APPICON_NAME = AppIcon;
				ASSETCATALOG_COMPILER_GLOBAL_ACCENT_COLOR_NAME = AccentColor;
				CODE_SIGN_STYLE = Automatic;
				CURRENT_PROJECT_VERSION = 1;
				DEVELOPMENT_ASSET_PATHS = "\"Albertos/Preview Content\"";
				ENABLE_PREVIEWS = YES;
				GENERATE_INFOPLIST_FILE = YES;
				INFOPLIST_KEY_UIApplicationSceneManifest_Generation = YES;
				INFOPLIST_KEY_UIApplicationSupportsIndirectInputEvents = YES;
				INFOPLIST_KEY_UILaunchScreen_Generation = YES;
				INFOPLIST_KEY_UISupportedInterfaceOrientations_iPad = "UIInterfaceOrientationPortrait UIInterfaceOrientationPortraitUpsideDown UIInterfaceOrientationLandscapeLeft UIInterfaceOrientationLandscapeRight";
				INFOPLIST_KEY_UISupportedInterfaceOrientations_iPhone = "UIInterfaceOrientationPortrait UIInterfaceOrientationLandscapeLeft UIInterfaceOrientationLandscapeRight";
				LD_RUNPATH_SEARCH_PATHS = (
					"$(inherited)",
					"@executable_path/Frameworks",
				);
				MARKETING_VERSION = 1.0;
				PRODUCT_BUNDLE_IDENTIFIER = kr.co.jinpark.Albertos;
				PRODUCT_NAME = "$(TARGET_NAME)";
				SWIFT_EMIT_LOC_STRINGS = YES;
				SWIFT_VERSION = 5.0;
				TARGETED_DEVICE_FAMILY = "1,2";
			};
			name = Debug;
		};
		3C8848A92C3E412200B5BE50 /* Release */ = {
			isa = XCBuildConfiguration;
			buildSettings = {
				ASSETCATALOG_COMPILER_APPICON_NAME = AppIcon;
				ASSETCATALOG_COMPILER_GLOBAL_ACCENT_COLOR_NAME = AccentColor;
				CODE_SIGN_STYLE = Automatic;
				CURRENT_PROJECT_VERSION = 1;
				DEVELOPMENT_ASSET_PATHS = "\"Albertos/Preview Content\"";
				ENABLE_PREVIEWS = YES;
				GENERATE_INFOPLIST_FILE = YES;
				INFOPLIST_KEY_UIApplicationSceneManifest_Generation = YES;
				INFOPLIST_KEY_UIApplicationSupportsIndirectInputEvents = YES;
				INFOPLIST_KEY_UILaunchScreen_Generation = YES;
				INFOPLIST_KEY_UISupportedInterfaceOrientations_iPad = "UIInterfaceOrientationPortrait UIInterfaceOrientationPortraitUpsideDown UIInterfaceOrientationLandscapeLeft UIInterfaceOrientationLandscapeRight";
				INFOPLIST_KEY_UISupportedInterfaceOrientations_iPhone = "UIInterfaceOrientationPortrait UIInterfaceOrientationLandscapeLeft UIInterfaceOrientationLandscapeRight";
				LD_RUNPATH_SEARCH_PATHS = (
					"$(inherited)",
					"@executable_path/Frameworks",
				);
				MARKETING_VERSION = 1.0;
				PRODUCT_BUNDLE_IDENTIFIER = kr.co.jinpark.Albertos;
				PRODUCT_NAME = "$(TARGET_NAME)";
				SWIFT_EMIT_LOC_STRINGS = YES;
				SWIFT_VERSION = 5.0;
				TARGETED_DEVICE_FAMILY = "1,2";
			};
			name = Release;
		};
		3C8848AB2C3E412200B5BE50 /* Debug */ = {
			isa = XCBuildConfiguration;
			buildSettings = {
				ALWAYS_EMBED_SWIFT_STANDARD_LIBRARIES = YES;
				BUNDLE_LOADER = "$(TEST_HOST)";
				CODE_SIGN_STYLE = Automatic;
				CURRENT_PROJECT_VERSION = 1;
				GENERATE_INFOPLIST_FILE = YES;
				IPHONEOS_DEPLOYMENT_TARGET = 17.5;
				MARKETING_VERSION = 1.0;
				PRODUCT_BUNDLE_IDENTIFIER = kr.co.jinpark.AlbertosTests;
				PRODUCT_NAME = "$(TARGET_NAME)";
				SWIFT_EMIT_LOC_STRINGS = NO;
				SWIFT_VERSION = 5.0;
				TARGETED_DEVICE_FAMILY = "1,2";
				TEST_HOST = "$(BUILT_PRODUCTS_DIR)/Albertos.app/$(BUNDLE_EXECUTABLE_FOLDER_PATH)/Albertos";
			};
			name = Debug;
		};
		3C8848AC2C3E412200B5BE50 /* Release */ = {
			isa = XCBuildConfiguration;
			buildSettings = {
				ALWAYS_EMBED_SWIFT_STANDARD_LIBRARIES = YES;
				BUNDLE_LOADER = "$(TEST_HOST)";
				CODE_SIGN_STYLE = Automatic;
				CURRENT_PROJECT_VERSION = 1;
				GENERATE_INFOPLIST_FILE = YES;
				IPHONEOS_DEPLOYMENT_TARGET = 17.5;
				MARKETING_VERSION = 1.0;
				PRODUCT_BUNDLE_IDENTIFIER = kr.co.jinpark.AlbertosTests;
				PRODUCT_NAME = "$(TARGET_NAME)";
				SWIFT_EMIT_LOC_STRINGS = NO;
				SWIFT_VERSION = 5.0;
				TARGETED_DEVICE_FAMILY = "1,2";
				TEST_HOST = "$(BUILT_PRODUCTS_DIR)/Albertos.app/$(BUNDLE_EXECUTABLE_FOLDER_PATH)/Albertos";
			};
			name = Release;
		};
		3C8848AE2C3E412200B5BE50 /* Debug */ = {
			isa = XCBuildConfiguration;
			buildSettings = {
				ALWAYS_EMBED_SWIFT_STANDARD_LIBRARIES = YES;
				CODE_SIGN_STYLE = Automatic;
				CURRENT_PROJECT_VERSION = 1;
				GENERATE_INFOPLIST_FILE = YES;
				MARKETING_VERSION = 1.0;
				PRODUCT_BUNDLE_IDENTIFIER = kr.co.jinpark.AlbertosUITests;
				PRODUCT_NAME = "$(TARGET_NAME)";
				SWIFT_EMIT_LOC_STRINGS = NO;
				SWIFT_VERSION = 5.0;
				TARGETED_DEVICE_FAMILY = "1,2";
				TEST_TARGET_NAME = Albertos;
			};
			name = Debug;
		};
		3C8848AF2C3E412200B5BE50 /* Release */ = {
			isa = XCBuildConfiguration;
			buildSettings = {
				ALWAYS_EMBED_SWIFT_STANDARD_LIBRARIES = YES;
				CODE_SIGN_STYLE = Automatic;
				CURRENT_PROJECT_VERSION = 1;
				GENERATE_INFOPLIST_FILE = YES;
				MARKETING_VERSION = 1.0;
				PRODUCT_BUNDLE_IDENTIFIER = kr.co.jinpark.AlbertosUITests;
				PRODUCT_NAME = "$(TARGET_NAME)";
				SWIFT_EMIT_LOC_STRINGS = NO;
				SWIFT_VERSION = 5.0;
				TARGETED_DEVICE_FAMILY = "1,2";
				TEST_TARGET_NAME = Albertos;
			};
			name = Release;
		};
/* End XCBuildConfiguration section */

/* Begin XCConfigurationList section */
		3C88487E2C3E411D00B5BE50 /* Build configuration list for PBXProject "Albertos" */ = {
			isa = XCConfigurationList;
			buildConfigurations = (
				3C8848A52C3E412200B5BE50 /* Debug */,
				3C8848A62C3E412200B5BE50 /* Release */,
			);
			defaultConfigurationIsVisible = 0;
			defaultConfigurationName = Release;
		};
		3C8848A72C3E412200B5BE50 /* Build configuration list for PBXNativeTarget "Albertos" */ = {
			isa = XCConfigurationList;
			buildConfigurations = (
				3C8848A82C3E412200B5BE50 /* Debug */,
				3C8848A92C3E412200B5BE50 /* Release */,
			);
			defaultConfigurationIsVisible = 0;
			defaultConfigurationName = Release;
		};
		3C8848AA2C3E412200B5BE50 /* Build configuration list for PBXNativeTarget "AlbertosTests" */ = {
			isa = XCConfigurationList;
			buildConfigurations = (
				3C8848AB2C3E412200B5BE50 /* Debug */,
				3C8848AC2C3E412200B5BE50 /* Release */,
			);
			defaultConfigurationIsVisible = 0;
			defaultConfigurationName = Release;
		};
		3C8848AD2C3E412200B5BE50 /* Build configuration list for PBXNativeTarget "AlbertosUITests" */ = {
			isa = XCConfigurationList;
			buildConfigurations = (
				3C8848AE2C3E412200B5BE50 /* Debug */,
				3C8848AF2C3E412200B5BE50 /* Release */,
			);
			defaultConfigurationIsVisible = 0;
			defaultConfigurationName = Release;
		};
/* End XCConfigurationList section */
	};
	rootObject = 3C88487B2C3E411D00B5BE50 /* Project object */;
}
